// !$*UTF8*$!
{
	archiveVersion = 1;
	classes = {
	};
	objectVersion = 50;
	objects = {

/* Begin PBXBuildFile section */
		CE3F411320AD6AA5008991AA /* ImageViewController.swift in Sources */ = {isa = PBXBuildFile; fileRef = CE3F411220AD6AA5008991AA /* ImageViewController.swift */; };
		CE3FD5BE20ACC62C00720923 /* AppDelegate.swift in Sources */ = {isa = PBXBuildFile; fileRef = CE3FD5BD20ACC62C00720923 /* AppDelegate.swift */; };
		CE3FD5C020ACC62C00720923 /* ViewController.swift in Sources */ = {isa = PBXBuildFile; fileRef = CE3FD5BF20ACC62C00720923 /* ViewController.swift */; };
		CE3FD5C320ACC62C00720923 /* Main.storyboard in Resources */ = {isa = PBXBuildFile; fileRef = CE3FD5C120ACC62C00720923 /* Main.storyboard */; };
		CE3FD5C520ACC62F00720923 /* Assets.xcassets in Resources */ = {isa = PBXBuildFile; fileRef = CE3FD5C420ACC62F00720923 /* Assets.xcassets */; };
		CE3FD5C820ACC62F00720923 /* LaunchScreen.storyboard in Resources */ = {isa = PBXBuildFile; fileRef = CE3FD5C620ACC62F00720923 /* LaunchScreen.storyboard */; };
		CE3FD5D320ACC62F00720923 /* CollectionViewTests.swift in Sources */ = {isa = PBXBuildFile; fileRef = CE3FD5D220ACC62F00720923 /* CollectionViewTests.swift */; };
		CE3FD5DE20ACC62F00720923 /* CollectionViewUITests.swift in Sources */ = {isa = PBXBuildFile; fileRef = CE3FD5DD20ACC62F00720923 /* CollectionViewUITests.swift */; };
		CE3FD5EC20ACC7BF00720923 /* CollectionViewCell.swift in Sources */ = {isa = PBXBuildFile; fileRef = CE3FD5EB20ACC7BF00720923 /* CollectionViewCell.swift */; };
/* End PBXBuildFile section */

/* Begin PBXContainerItemProxy section */
		CE3FD5CF20ACC62F00720923 /* PBXContainerItemProxy */ = {
			isa = PBXContainerItemProxy;
			containerPortal = CE3FD5B220ACC62C00720923 /* Project object */;
			proxyType = 1;
			remoteGlobalIDString = CE3FD5B920ACC62C00720923;
			remoteInfo = CollectionView;
		};
		CE3FD5DA20ACC62F00720923 /* PBXContainerItemProxy */ = {
			isa = PBXContainerItemProxy;
			containerPortal = CE3FD5B220ACC62C00720923 /* Project object */;
			proxyType = 1;
			remoteGlobalIDString = CE3FD5B920ACC62C00720923;
			remoteInfo = CollectionView;
		};
/* End PBXContainerItemProxy section */

/* Begin PBXFileReference section */
		CE3F411220AD6AA5008991AA /* ImageViewController.swift */ = {isa = PBXFileReference; lastKnownFileType = sourcecode.swift; path = ImageViewController.swift; sourceTree = "<group>"; };
		CE3FD5BA20ACC62C00720923 /* CollectionView.app */ = {isa = PBXFileReference; explicitFileType = wrapper.application; includeInIndex = 0; path = CollectionView.app; sourceTree = BUILT_PRODUCTS_DIR; };
		CE3FD5BD20ACC62C00720923 /* AppDelegate.swift */ = {isa = PBXFileReference; lastKnownFileType = sourcecode.swift; path = AppDelegate.swift; sourceTree = "<group>"; };
		CE3FD5BF20ACC62C00720923 /* ViewController.swift */ = {isa = PBXFileReference; lastKnownFileType = sourcecode.swift; path = ViewController.swift; sourceTree = "<group>"; };
		CE3FD5C220ACC62C00720923 /* Base */ = {isa = PBXFileReference; lastKnownFileType = file.storyboard; name = Base; path = Base.lproj/Main.storyboard; sourceTree = "<group>"; };
		CE3FD5C420ACC62F00720923 /* Assets.xcassets */ = {isa = PBXFileReference; lastKnownFileType = folder.assetcatalog; path = Assets.xcassets; sourceTree = "<group>"; };
		CE3FD5C720ACC62F00720923 /* Base */ = {isa = PBXFileReference; lastKnownFileType = file.storyboard; name = Base; path = Base.lproj/LaunchScreen.storyboard; sourceTree = "<group>"; };
		CE3FD5C920ACC62F00720923 /* Info.plist */ = {isa = PBXFileReference; lastKnownFileType = text.plist.xml; path = Info.plist; sourceTree = "<group>"; };
		CE3FD5CE20ACC62F00720923 /* CollectionViewTests.xctest */ = {isa = PBXFileReference; explicitFileType = wrapper.cfbundle; includeInIndex = 0; path = CollectionViewTests.xctest; sourceTree = BUILT_PRODUCTS_DIR; };
		CE3FD5D220ACC62F00720923 /* CollectionViewTests.swift */ = {isa = PBXFileReference; lastKnownFileType = sourcecode.swift; path = CollectionViewTests.swift; sourceTree = "<group>"; };
		CE3FD5D420ACC62F00720923 /* Info.plist */ = {isa = PBXFileReference; lastKnownFileType = text.plist.xml; path = Info.plist; sourceTree = "<group>"; };
		CE3FD5D920ACC62F00720923 /* CollectionViewUITests.xctest */ = {isa = PBXFileReference; explicitFileType = wrapper.cfbundle; includeInIndex = 0; path = CollectionViewUITests.xctest; sourceTree = BUILT_PRODUCTS_DIR; };
		CE3FD5DD20ACC62F00720923 /* CollectionViewUITests.swift */ = {isa = PBXFileReference; lastKnownFileType = sourcecode.swift; path = CollectionViewUITests.swift; sourceTree = "<group>"; };
		CE3FD5DF20ACC62F00720923 /* Info.plist */ = {isa = PBXFileReference; lastKnownFileType = text.plist.xml; path = Info.plist; sourceTree = "<group>"; };
		CE3FD5EB20ACC7BF00720923 /* CollectionViewCell.swift */ = {isa = PBXFileReference; lastKnownFileType = sourcecode.swift; path = CollectionViewCell.swift; sourceTree = "<group>"; };
/* End PBXFileReference section */

/* Begin PBXFrameworksBuildPhase section */
		CE3FD5B720ACC62C00720923 /* Frameworks */ = {
			isa = PBXFrameworksBuildPhase;
			buildActionMask = 2147483647;
			files = (
			);
			runOnlyForDeploymentPostprocessing = 0;
		};
		CE3FD5CB20ACC62F00720923 /* Frameworks */ = {
			isa = PBXFrameworksBuildPhase;
			buildActionMask = 2147483647;
			files = (
			);
			runOnlyForDeploymentPostprocessing = 0;
		};
		CE3FD5D620ACC62F00720923 /* Frameworks */ = {
			isa = PBXFrameworksBuildPhase;
			buildActionMask = 2147483647;
			files = (
			);
			runOnlyForDeploymentPostprocessing = 0;
		};
/* End PBXFrameworksBuildPhase section */

/* Begin PBXGroup section */
		CE3FD5B120ACC62C00720923 = {
			isa = PBXGroup;
			children = (
				CE3FD5BC20ACC62C00720923 /* CollectionView */,
				CE3FD5D120ACC62F00720923 /* CollectionViewTests */,
				CE3FD5DC20ACC62F00720923 /* CollectionViewUITests */,
				CE3FD5BB20ACC62C00720923 /* Products */,
			);
			sourceTree = "<group>";
		};
		CE3FD5BB20ACC62C00720923 /* Products */ = {
			isa = PBXGroup;
			children = (
				CE3FD5BA20ACC62C00720923 /* CollectionView.app */,
				CE3FD5CE20ACC62F00720923 /* CollectionViewTests.xctest */,
				CE3FD5D920ACC62F00720923 /* CollectionViewUITests.xctest */,
			);
			name = Products;
			sourceTree = "<group>";
		};
		CE3FD5BC20ACC62C00720923 /* CollectionView */ = {
			isa = PBXGroup;
			children = (
				CE3FD5BD20ACC62C00720923 /* AppDelegate.swift */,
				CE3FD5BF20ACC62C00720923 /* ViewController.swift */,
				CE3FD5C120ACC62C00720923 /* Main.storyboard */,
				CE3F411220AD6AA5008991AA /* ImageViewController.swift */,
				CE3FD5EB20ACC7BF00720923 /* CollectionViewCell.swift */,
				CE3FD5C420ACC62F00720923 /* Assets.xcassets */,
				CE3FD5C620ACC62F00720923 /* LaunchScreen.storyboard */,
				CE3FD5C920ACC62F00720923 /* Info.plist */,
			);
			path = CollectionView;
			sourceTree = "<group>";
		};
		CE3FD5D120ACC62F00720923 /* CollectionViewTests */ = {
			isa = PBXGroup;
			children = (
				CE3FD5D220ACC62F00720923 /* CollectionViewTests.swift */,
				CE3FD5D420ACC62F00720923 /* Info.plist */,
			);
			path = CollectionViewTests;
			sourceTree = "<group>";
		};
		CE3FD5DC20ACC62F00720923 /* CollectionViewUITests */ = {
			isa = PBXGroup;
			children = (
				CE3FD5DD20ACC62F00720923 /* CollectionViewUITests.swift */,
				CE3FD5DF20ACC62F00720923 /* Info.plist */,
			);
			path = CollectionViewUITests;
			sourceTree = "<group>";
		};
/* End PBXGroup section */

/* Begin PBXNativeTarget section */
		CE3FD5B920ACC62C00720923 /* CollectionView */ = {
			isa = PBXNativeTarget;
			buildConfigurationList = CE3FD5E220ACC62F00720923 /* Build configuration list for PBXNativeTarget "CollectionView" */;
			buildPhases = (
				CE3FD5B620ACC62C00720923 /* Sources */,
				CE3FD5B720ACC62C00720923 /* Frameworks */,
				CE3FD5B820ACC62C00720923 /* Resources */,
			);
			buildRules = (
			);
			dependencies = (
			);
			name = CollectionView;
			productName = CollectionView;
			productReference = CE3FD5BA20ACC62C00720923 /* CollectionView.app */;
			productType = "com.apple.product-type.application";
		};
		CE3FD5CD20ACC62F00720923 /* CollectionViewTests */ = {
			isa = PBXNativeTarget;
			buildConfigurationList = CE3FD5E520ACC62F00720923 /* Build configuration list for PBXNativeTarget "CollectionViewTests" */;
			buildPhases = (
				CE3FD5CA20ACC62F00720923 /* Sources */,
				CE3FD5CB20ACC62F00720923 /* Frameworks */,
				CE3FD5CC20ACC62F00720923 /* Resources */,
			);
			buildRules = (
			);
			dependencies = (
				CE3FD5D020ACC62F00720923 /* PBXTargetDependency */,
			);
			name = CollectionViewTests;
			productName = CollectionViewTests;
			productReference = CE3FD5CE20ACC62F00720923 /* CollectionViewTests.xctest */;
			productType = "com.apple.product-type.bundle.unit-test";
		};
		CE3FD5D820ACC62F00720923 /* CollectionViewUITests */ = {
			isa = PBXNativeTarget;
			buildConfigurationList = CE3FD5E820ACC62F00720923 /* Build configuration list for PBXNativeTarget "CollectionViewUITests" */;
			buildPhases = (
				CE3FD5D520ACC62F00720923 /* Sources */,
				CE3FD5D620ACC62F00720923 /* Frameworks */,
				CE3FD5D720ACC62F00720923 /* Resources */,
			);
			buildRules = (
			);
			dependencies = (
				CE3FD5DB20ACC62F00720923 /* PBXTargetDependency */,
			);
			name = CollectionViewUITests;
			productName = CollectionViewUITests;
			productReference = CE3FD5D920ACC62F00720923 /* CollectionViewUITests.xctest */;
			productType = "com.apple.product-type.bundle.ui-testing";
		};
/* End PBXNativeTarget section */

/* Begin PBXProject section */
		CE3FD5B220ACC62C00720923 /* Project object */ = {
			isa = PBXProject;
			attributes = {
				LastSwiftUpdateCheck = 0930;
				LastUpgradeCheck = 0930;
				ORGANIZATIONNAME = mCubes;
				TargetAttributes = {
					CE3FD5B920ACC62C00720923 = {
						CreatedOnToolsVersion = 9.3;
					};
					CE3FD5CD20ACC62F00720923 = {
						CreatedOnToolsVersion = 9.3;
						TestTargetID = CE3FD5B920ACC62C00720923;
					};
					CE3FD5D820ACC62F00720923 = {
						CreatedOnToolsVersion = 9.3;
						TestTargetID = CE3FD5B920ACC62C00720923;
					};
				};
			};
			buildConfigurationList = CE3FD5B520ACC62C00720923 /* Build configuration list for PBXProject "CollectionView" */;
			compatibilityVersion = "Xcode 9.3";
			developmentRegion = en;
			hasScannedForEncodings = 0;
			knownRegions = (
				en,
				Base,
			);
			mainGroup = CE3FD5B120ACC62C00720923;
			productRefGroup = CE3FD5BB20ACC62C00720923 /* Products */;
			projectDirPath = "";
			projectRoot = "";
			targets = (
				CE3FD5B920ACC62C00720923 /* CollectionView */,
				CE3FD5CD20ACC62F00720923 /* CollectionViewTests */,
				CE3FD5D820ACC62F00720923 /* CollectionViewUITests */,
			);
		};
/* End PBXProject section */

/* Begin PBXResourcesBuildPhase section */
		CE3FD5B820ACC62C00720923 /* Resources */ = {
			isa = PBXResourcesBuildPhase;
			buildActionMask = 2147483647;
			files = (
				CE3FD5C820ACC62F00720923 /* LaunchScreen.storyboard in Resources */,
				CE3FD5C520ACC62F00720923 /* Assets.xcassets in Resources */,
				CE3FD5C320ACC62C00720923 /* Main.storyboard in Resources */,
			);
			runOnlyForDeploymentPostprocessing = 0;
		};
		CE3FD5CC20ACC62F00720923 /* Resources */ = {
			isa = PBXResourcesBuildPhase;
			buildActionMask = 2147483647;
			files = (
			);
			runOnlyForDeploymentPostprocessing = 0;
		};
		CE3FD5D720ACC62F00720923 /* Resources */ = {
			isa = PBXResourcesBuildPhase;
			buildActionMask = 2147483647;
			files = (
			);
			runOnlyForDeploymentPostprocessing = 0;
		};
/* End PBXResourcesBuildPhase section */

/* Begin PBXSourcesBuildPhase section */
		CE3FD5B620ACC62C00720923 /* Sources */ = {
			isa = PBXSourcesBuildPhase;
			buildActionMask = 2147483647;
			files = (
				CE3FD5C020ACC62C00720923 /* ViewController.swift in Sources */,
				CE3FD5BE20ACC62C00720923 /* AppDelegate.swift in Sources */,
				CE3F411320AD6AA5008991AA /* ImageViewController.swift in Sources */,
				CE3FD5EC20ACC7BF00720923 /* CollectionViewCell.swift in Sources */,
			);
			runOnlyForDeploymentPostprocessing = 0;
		};
		CE3FD5CA20ACC62F00720923 /* Sources */ = {
			isa = PBXSourcesBuildPhase;
			buildActionMask = 2147483647;
			files = (
				CE3FD5D320ACC62F00720923 /* CollectionViewTests.swift in Sources */,
			);
			runOnlyForDeploymentPostprocessing = 0;
		};
		CE3FD5D520ACC62F00720923 /* Sources */ = {
			isa = PBXSourcesBuildPhase;
			buildActionMask = 2147483647;
			files = (
				CE3FD5DE20ACC62F00720923 /* CollectionViewUITests.swift in Sources */,
			);
			runOnlyForDeploymentPostprocessing = 0;
		};
/* End PBXSourcesBuildPhase section */

/* Begin PBXTargetDependency section */
		CE3FD5D020ACC62F00720923 /* PBXTargetDependency */ = {
			isa = PBXTargetDependency;
			target = CE3FD5B920ACC62C00720923 /* CollectionView */;
			targetProxy = CE3FD5CF20ACC62F00720923 /* PBXContainerItemProxy */;
		};
		CE3FD5DB20ACC62F00720923 /* PBXTargetDependency */ = {
			isa = PBXTargetDependency;
			target = CE3FD5B920ACC62C00720923 /* CollectionView */;
			targetProxy = CE3FD5DA20ACC62F00720923 /* PBXContainerItemProxy */;
		};
/* End PBXTargetDependency section */

/* Begin PBXVariantGroup section */
		CE3FD5C120ACC62C00720923 /* Main.storyboard */ = {
			isa = PBXVariantGroup;
			children = (
				CE3FD5C220ACC62C00720923 /* Base */,
			);
			name = Main.storyboard;
			sourceTree = "<group>";
		};
		CE3FD5C620ACC62F00720923 /* LaunchScreen.storyboard */ = {
			isa = PBXVariantGroup;
			children = (
				CE3FD5C720ACC62F00720923 /* Base */,
			);
			name = LaunchScreen.storyboard;
			sourceTree = "<group>";
		};
/* End PBXVariantGroup section */

/* Begin XCBuildConfiguration section */
		CE3FD5E020ACC62F00720923 /* Debug */ = {
			isa = XCBuildConfiguration;
			buildSettings = {
				ALWAYS_SEARCH_USER_PATHS = NO;
				CLANG_ANALYZER_NONNULL = YES;
				CLANG_ANALYZER_NUMBER_OBJECT_CONVERSION = YES_AGGRESSIVE;
				CLANG_CXX_LANGUAGE_STANDARD = "gnu++14";
				CLANG_CXX_LIBRARY = "libc++";
				CLANG_ENABLE_MODULES = YES;
				CLANG_ENABLE_OBJC_ARC = YES;
				CLANG_ENABLE_OBJC_WEAK = YES;
				CLANG_WARN_BLOCK_CAPTURE_AUTORELEASING = YES;
				CLANG_WARN_BOOL_CONVERSION = YES;
				CLANG_WARN_COMMA = YES;
				CLANG_WARN_CONSTANT_CONVERSION = YES;
				CLANG_WARN_DEPRECATED_OBJC_IMPLEMENTATIONS = YES;
				CLANG_WARN_DIRECT_OBJC_ISA_USAGE = YES_ERROR;
				CLANG_WARN_DOCUMENTATION_COMMENTS = YES;
				CLANG_WARN_EMPTY_BODY = YES;
				CLANG_WARN_ENUM_CONVERSION = YES;
				CLANG_WARN_INFINITE_RECURSION = YES;
				CLANG_WARN_INT_CONVERSION = YES;
				CLANG_WARN_NON_LITERAL_NULL_CONVERSION = YES;
				CLANG_WARN_OBJC_IMPLICIT_RETAIN_SELF = YES;
				CLANG_WARN_OBJC_LITERAL_CONVERSION = YES;
				CLANG_WARN_OBJC_ROOT_CLASS = YES_ERROR;
				CLANG_WARN_RANGE_LOOP_ANALYSIS = YES;
				CLANG_WARN_STRICT_PROTOTYPES = YES;
				CLANG_WARN_SUSPICIOUS_MOVE = YES;
				CLANG_WARN_UNGUARDED_AVAILABILITY = YES_AGGRESSIVE;
				CLANG_WARN_UNREACHABLE_CODE = YES;
				CLANG_WARN__DUPLICATE_METHOD_MATCH = YES;
				CODE_SIGN_IDENTITY = "iPhone Developer";
				COPY_PHASE_STRIP = NO;
				DEBUG_INFORMATION_FORMAT = dwarf;
				ENABLE_STRICT_OBJC_MSGSEND = YES;
				ENABLE_TESTABILITY = YES;
				GCC_C_LANGUAGE_STANDARD = gnu11;
				GCC_DYNAMIC_NO_PIC = NO;
				GCC_NO_COMMON_BLOCKS = YES;
				GCC_OPTIMIZATION_LEVEL = 0;
				GCC_PREPROCESSOR_DEFINITIONS = (
					"DEBUG=1",
					"$(inherited)",
				);
				GCC_WARN_64_TO_32_BIT_CONVERSION = YES;
				GCC_WARN_ABOUT_RETURN_TYPE = YES_ERROR;
				GCC_WARN_UNDECLARED_SELECTOR = YES;
				GCC_WARN_UNINITIALIZED_AUTOS = YES_AGGRESSIVE;
				GCC_WARN_UNUSED_FUNCTION = YES;
				GCC_WARN_UNUSED_VARIABLE = YES;
				IPHONEOS_DEPLOYMENT_TARGET = 11.3;
				MTL_ENABLE_DEBUG_INFO = YES;
				ONLY_ACTIVE_ARCH = YES;
				SDKROOT = iphoneos;
				SWIFT_ACTIVE_COMPILATION_CONDITIONS = DEBUG;
				SWIFT_OPTIMIZATION_LEVEL = "-Onone";
			};
			name = Debug;
		};
		CE3FD5E120ACC62F00720923 /* Release */ = {
			isa = XCBuildConfiguration;
			buildSettings = {
				ALWAYS_SEARCH_USER_PATHS = NO;
				CLANG_ANALYZER_NONNULL = YES;
				CLANG_ANALYZER_NUMBER_OBJECT_CONVERSION = YES_AGGRESSIVE;
				CLANG_CXX_LANGUAGE_STANDARD = "gnu++14";
				CLANG_CXX_LIBRARY = "libc++";
				CLANG_ENABLE_MODULES = YES;
				CLANG_ENABLE_OBJC_ARC = YES;
				CLANG_ENABLE_OBJC_WEAK = YES;
				CLANG_WARN_BLOCK_CAPTURE_AUTORELEASING = YES;
				CLANG_WARN_BOOL_CONVERSION = YES;
				CLANG_WARN_COMMA = YES;
				CLANG_WARN_CONSTANT_CONVERSION = YES;
				CLANG_WARN_DEPRECATED_OBJC_IMPLEMENTATIONS = YES;
				CLANG_WARN_DIRECT_OBJC_ISA_USAGE = YES_ERROR;
				CLANG_WARN_DOCUMENTATION_COMMENTS = YES;
				CLANG_WARN_EMPTY_BODY = YES;
				CLANG_WARN_ENUM_CONVERSION = YES;
				CLANG_WARN_INFINITE_RECURSION = YES;
				CLANG_WARN_INT_CONVERSION = YES;
				CLANG_WARN_NON_LITERAL_NULL_CONVERSION = YES;
				CLANG_WARN_OBJC_IMPLICIT_RETAIN_SELF = YES;
				CLANG_WARN_OBJC_LITERAL_CONVERSION = YES;
				CLANG_WARN_OBJC_ROOT_CLASS = YES_ERROR;
				CLANG_WARN_RANGE_LOOP_ANALYSIS = YES;
				CLANG_WARN_STRICT_PROTOTYPES = YES;
				CLANG_WARN_SUSPICIOUS_MOVE = YES;
				CLANG_WARN_UNGUARDED_AVAILABILITY = YES_AGGRESSIVE;
				CLANG_WARN_UNREACHABLE_CODE = YES;
				CLANG_WARN__DUPLICATE_METHOD_MATCH = YES;
				CODE_SIGN_IDENTITY = "iPhone Developer";
				COPY_PHASE_STRIP = NO;
				DEBUG_INFORMATION_FORMAT = "dwarf-with-dsym";
				ENABLE_NS_ASSERTIONS = NO;
				ENABLE_STRICT_OBJC_MSGSEND = YES;
				GCC_C_LANGUAGE_STANDARD = gnu11;
				GCC_NO_COMMON_BLOCKS = YES;
				GCC_WARN_64_TO_32_BIT_CONVERSION = YES;
				GCC_WARN_ABOUT_RETURN_TYPE = YES_ERROR;
				GCC_WARN_UNDECLARED_SELECTOR = YES;
				GCC_WARN_UNINITIALIZED_AUTOS = YES_AGGRESSIVE;
				GCC_WARN_UNUSED_FUNCTION = YES;
				GCC_WARN_UNUSED_VARIABLE = YES;
				IPHONEOS_DEPLOYMENT_TARGET = 11.3;
				MTL_ENABLE_DEBUG_INFO = NO;
				SDKROOT = iphoneos;
				SWIFT_COMPILATION_MODE = wholemodule;
				SWIFT_OPTIMIZATION_LEVEL = "-O";
				VALIDATE_PRODUCT = YES;
			};
			name = Release;
		};
		CE3FD5E320ACC62F00720923 /* Debug */ = {
			isa = XCBuildConfiguration;
			buildSettings = {
				ASSETCATALOG_COMPILER_APPICON_NAME = AppIcon;
				CODE_SIGN_STYLE = Automatic;
				INFOPLIST_FILE = CollectionView/Info.plist;
				LD_RUNPATH_SEARCH_PATHS = (
					"$(inherited)",
					"@executable_path/Frameworks",
				);
				PRODUCT_BUNDLE_IDENTIFIER = com.manna.www.CollectionView;
				PRODUCT_NAME = "$(TARGET_NAME)";
				SWIFT_VERSION = 4.0;
				TARGETED_DEVICE_FAMILY = "1,2";
			};
			name = Debug;
		};
		CE3FD5E420ACC62F00720923 /* Release */ = {
			isa = XCBuildConfiguration;
			buildSettings = {
				ASSETCATALOG_COMPILER_APPICON_NAME = AppIcon;
				CODE_SIGN_STYLE = Automatic;
				INFOPLIST_FILE = CollectionView/Info.plist;
				LD_RUNPATH_SEARCH_PATHS = (
					"$(inherited)",
					"@executable_path/Frameworks",
				);
				PRODUCT_BUNDLE_IDENTIFIER = com.manna.www.CollectionView;
				PRODUCT_NAME = "$(TARGET_NAME)";
				SWIFT_VERSION = 4.0;
				TARGETED_DEVICE_FAMILY = "1,2";
			};
			name = Release;
		};
		CE3FD5E620ACC62F00720923 /* Debug */ = {
			isa = XCBuildConfiguration;
			buildSettings = {
				ALWAYS_EMBED_SWIFT_STANDARD_LIBRARIES = YES;
				BUNDLE_LOADER = "$(TEST_HOST)";
				CODE_SIGN_STYLE = Automatic;
				INFOPLIST_FILE = CollectionViewTests/Info.plist;
				LD_RUNPATH_SEARCH_PATHS = (
					"$(inherited)",
					"@executable_path/Frameworks",
					"@loader_path/Frameworks",
				);
				PRODUCT_BUNDLE_IDENTIFIER = com.manna.www.CollectionViewTests;
				PRODUCT_NAME = "$(TARGET_NAME)";
				SWIFT_VERSION = 4.0;
				TARGETED_DEVICE_FAMILY = "1,2";
				TEST_HOST = "$(BUILT_PRODUCTS_DIR)/CollectionView.app/CollectionView";
			};
			name = Debug;
		};
		CE3FD5E720ACC62F00720923 /* Release */ = {
			isa = XCBuildConfiguration;
			buildSettings = {
				ALWAYS_EMBED_SWIFT_STANDARD_LIBRARIES = YES;
				BUNDLE_LOADER = "$(TEST_HOST)";
				CODE_SIGN_STYLE = Automatic;
				INFOPLIST_FILE = CollectionViewTests/Info.plist;
				LD_RUNPATH_SEARCH_PATHS = (
					"$(inherited)",
					"@executable_path/Frameworks",
					"@loader_path/Frameworks",
				);
				PRODUCT_BUNDLE_IDENTIFIER = com.manna.www.CollectionViewTests;
				PRODUCT_NAME = "$(TARGET_NAME)";
				SWIFT_VERSION = 4.0;
				TARGETED_DEVICE_FAMILY = "1,2";
				TEST_HOST = "$(BUILT_PRODUCTS_DIR)/CollectionView.app/CollectionView";
			};
			name = Release;
		};
		CE3FD5E920ACC62F00720923 /* Debug */ = {
			isa = XCBuildConfiguration;
			buildSettings = {
				ALWAYS_EMBED_SWIFT_STANDARD_LIBRARIES = YES;
				CODE_SIGN_STYLE = Automatic;
				INFOPLIST_FILE = CollectionViewUITests/Info.plist;
				LD_RUNPATH_SEARCH_PATHS = (
					"$(inherited)",
					"@executable_path/Frameworks",
					"@loader_path/Frameworks",
				);
				PRODUCT_BUNDLE_IDENTIFIER = com.manna.www.CollectionViewUITests;
				PRODUCT_NAME = "$(TARGET_NAME)";
				SWIFT_VERSION = 4.0;
				TARGETED_DEVICE_FAMILY = "1,2";
				TEST_TARGET_NAME = CollectionView;
			};
			name = Debug;
		};
		CE3FD5EA20ACC62F00720923 /* Release */ = {
			isa = XCBuildConfiguration;
			buildSettings = {
				ALWAYS_EMBED_SWIFT_STANDARD_LIBRARIES = YES;
				CODE_SIGN_STYLE = Automatic;
				INFOPLIST_FILE = CollectionViewUITests/Info.plist;
				LD_RUNPATH_SEARCH_PATHS = (
					"$(inherited)",
					"@executable_path/Frameworks",
					"@loader_path/Frameworks",
				);
				PRODUCT_BUNDLE_IDENTIFIER = com.manna.www.CollectionViewUITests;
				PRODUCT_NAME = "$(TARGET_NAME)";
				SWIFT_VERSION = 4.0;
				TARGETED_DEVICE_FAMILY = "1,2";
				TEST_TARGET_NAME = CollectionView;
			};
			name = Release;
		};
/* End XCBuildConfiguration section */

/* Begin XCConfigurationList section */
		CE3FD5B520ACC62C00720923 /* Build configuration list for PBXProject "CollectionView" */ = {
			isa = XCConfigurationList;
			buildConfigurations = (
				CE3FD5E020ACC62F00720923 /* Debug */,
				CE3FD5E120ACC62F00720923 /* Release */,
			);
			defaultConfigurationIsVisible = 0;
			defaultConfigurationName = Release;
		};
		CE3FD5E220ACC62F00720923 /* Build configuration list for PBXNativeTarget "CollectionView" */ = {
			isa = XCConfigurationList;
			buildConfigurations = (
				CE3FD5E320ACC62F00720923 /* Debug */,
				CE3FD5E420ACC62F00720923 /* Release */,
			);
			defaultConfigurationIsVisible = 0;
			defaultConfigurationName = Release;
		};
		CE3FD5E520ACC62F00720923 /* Build configuration list for PBXNativeTarget "CollectionViewTests" */ = {
			isa = XCConfigurationList;
			buildConfigurations = (
				CE3FD5E620ACC62F00720923 /* Debug */,
				CE3FD5E720ACC62F00720923 /* Release */,
			);
			defaultConfigurationIsVisible = 0;
			defaultConfigurationName = Release;
		};
		CE3FD5E820ACC62F00720923 /* Build configuration list for PBXNativeTarget "CollectionViewUITests" */ = {
			isa = XCConfigurationList;
			buildConfigurations = (
				CE3FD5E920ACC62F00720923 /* Debug */,
				CE3FD5EA20ACC62F00720923 /* Release */,
			);
			defaultConfigurationIsVisible = 0;
			defaultConfigurationName = Release;
		};
/* End XCConfigurationList section */
	};
	rootObject = CE3FD5B220ACC62C00720923 /* Project object */;
}
